{
  "nodes": {
    "nixpkgs": {
      "locked": {
        "lastModified": 1694614115,
        "narHash": "sha256-K0jrQzzCMg+F7kB8cuGODuyyXXojgUdX6Xzmoupk4DA=",
        "owner": "nixos",
        "repo": "nixpkgs",
        "rev": "c9cc42714f301310e9919a89a99484619d613dc9",
        "type": "github"
      },
      "original": {
        "owner": "nixos",
        "repo": "nixpkgs",
        "type": "github"
      }
    },
    "root": {
      "inputs": {
        "nixpkgs": "nixpkgs"
      }
    }
  },
  "root": "root",
  "version": 7
}
