{
  "nodes": {
    "nixpkgs": {
      "locked": {
        "lastModified": 1691368598,
        "narHash": "sha256-ia7li22keBBbj02tEdqjVeLtc7ZlSBuhUk+7XTUFr14=",
        "path": "/nix/store/631cgbs310h1rcix7zs171xzx7p2y97g-source",
        "rev": "5a8e9243812ba528000995b294292d3b5e120947",
        "type": "path"
      },
      "original": {
        "id": "nixpkgs",
        "type": "indirect"
      }
    },
    "root": {
      "inputs": {
        "nixpkgs": "nixpkgs",
        "super-upstream": "super-upstream"
      }
    },
    "super-upstream": {
      "flake": false,
      "locked": {
        "lastModified": 1694616221,
        "narHash": "sha256-qTF/IWYEwzwr56Z2a+t7Qq3zwiv3iW0pMycQIP9OZXM=",
        "owner": "radvendii",
        "repo": "nix-flake-dep-test-super-upstream",
        "rev": "2d5b24484e0edc22805216cbc69b662da9817d66",
        "type": "github"
      },
      "original": {
        "owner": "radvendii",
        "repo": "nix-flake-dep-test-super-upstream",
        "type": "github"
      }
    }
  },
  "root": "root",
  "version": 7
}
